{
  "name": "@starkow/i18n",
  "version": "2.4.1",
  "lockfileVersion": 2,
  "requires": true,
  "packages": {
    "": {
      "name": "@starkow/i18n",
      "version": "2.4.1",
      "license": "WTFPL",
      "dependencies": {
        "micromustache": "^8.0.3"
      },
      "devDependencies": {
        "@types/node": "^18.11.7",
        "typescript": "^4.8.4"
      }
    },
    "node_modules/@types/node": {
      "version": "18.11.7",
      "resolved": "https://registry.npmjs.org/@types/node/-/node-18.11.7.tgz",
      "integrity": "sha512-LhFTglglr63mNXUSRYD8A+ZAIu5sFqNJ4Y2fPuY7UlrySJH87rRRlhtVmMHplmfk5WkoJGmDjE9oiTfyX94CpQ==",
      "dev": true
    },
    "node_modules/micromustache": {
      "version": "8.0.3",
      "resolved": "https://registry.npmjs.org/micromustache/-/micromustache-8.0.3.tgz",
      "integrity": "sha512-SXjrEPuYNtWq0reR9LR2nHdzdQx/3re9HPcDGjm00L7hi2RsH5KMRBhYEBvPdyQC51RW/2TznjwX/sQLPPyHNw==",
      "engines": {
        "node": ">=8"
      },
      "funding": {
        "url": "https://github.com/userpixel/micromustache/blob/master/.github/FUNDING.yml"
      }
    },
    "node_modules/typescript": {
      "version": "4.8.4",
      "resolved": "https://registry.npmjs.org/typescript/-/typescript-4.8.4.tgz",
      "integrity": "sha512-QCh+85mCy+h0IGff8r5XWzOVSbBO+KfeYrMQh7NJ58QujwcE22u+NUSmUxqF+un70P9GXKxa2HCNiTTMJknyjQ==",
      "dev": true,
      "bin": {
        "tsc": "bin/tsc",
        "tsserver": "bin/tsserver"
      },
      "engines": {
        "node": ">=4.2.0"
      }
    }
  },
  "dependencies": {
    "@types/node": {
      "version": "18.11.7",
      "resolved": "https://registry.npmjs.org/@types/node/-/node-18.11.7.tgz",
      "integrity": "sha512-LhFTglglr63mNXUSRYD8A+ZAIu5sFqNJ4Y2fPuY7UlrySJH87rRRlhtVmMHplmfk5WkoJGmDjE9oiTfyX94CpQ==",
      "dev": true
    },
    "micromustache": {
      "version": "8.0.3",
      "resolved": "https://registry.npmjs.org/micromustache/-/micromustache-8.0.3.tgz",
      "integrity": "sha512-SXjrEPuYNtWq0reR9LR2nHdzdQx/3re9HPcDGjm00L7hi2RsH5KMRBhYEBvPdyQC51RW/2TznjwX/sQLPPyHNw=="
    },
    "typescript": {
      "version": "4.8.4",
      "resolved": "https://registry.npmjs.org/typescript/-/typescript-4.8.4.tgz",
      "integrity": "sha512-QCh+85mCy+h0IGff8r5XWzOVSbBO+KfeYrMQh7NJ58QujwcE22u+NUSmUxqF+un70P9GXKxa2HCNiTTMJknyjQ==",
      "dev": true
    }
  }
}
